
Microsoft Visual Studio Solution File, Format Version 12.00
# Visual Studio Version 16
VisualStudioVersion = 16.0.30804.86
MinimumVisualStudioVersion = 10.0.40219.1
Project("{9A19103F-16F7-4668-BE54-9A1E7A4F7556}") = "PlantUmlClassDiagramGenerator.Library", "..\PlantUmlClassDiagramGenerator\src\PlantUmlClassDiagramGenerator.Library\PlantUmlClassDiagramGenerator.Library.csproj", "{4A6E5057-5CAD-46B5-9CC0-64BD2C701188}"
EndProject
Project("{FAE04EC0-301F-11D3-BF4B-00C04F79EFBC}") = "ClassToUmlConverter.Library", "ClassToUmlConverter.Library\ClassToUmlConverter.Library.csproj", "{FF76A4F5-2FE8-44A1-B055-DFC3D957EE37}"
EndProject
Project("{9A19103F-16F7-4668-BE54-9A1E7A4F7556}") = "ClassToUmlConverter.UI", "ClassToUmlConverter.UI\ClassToUmlConverter.UI.csproj", "{4909AF7B-9B14-496E-957A-D48EAC973B01}"
EndProject
Global
	GlobalSection(SolutionConfigurationPlatforms) = preSolution
		Debug|Any CPU = Debug|Any CPU
		Release|Any CPU = Release|Any CPU
	EndGlobalSection
	GlobalSection(ProjectConfigurationPlatforms) = postSolution
		{4A6E5057-5CAD-46B5-9CC0-64BD2C701188}.Debug|Any CPU.ActiveCfg = Debug|Any CPU
		{4A6E5057-5CAD-46B5-9CC0-64BD2C701188}.Debug|Any CPU.Build.0 = Debug|Any CPU
		{4A6E5057-5CAD-46B5-9CC0-64BD2C701188}.Release|Any CPU.ActiveCfg = Release|Any CPU
		{4A6E5057-5CAD-46B5-9CC0-64BD2C701188}.Release|Any CPU.Build.0 = Release|Any CPU
		{FF76A4F5-2FE8-44A1-B055-DFC3D957EE37}.Debug|Any CPU.ActiveCfg = Debug|Any CPU
		{FF76A4F5-2FE8-44A1-B055-DFC3D957EE37}.Debug|Any CPU.Build.0 = Debug|Any CPU
		{FF76A4F5-2FE8-44A1-B055-DFC3D957EE37}.Release|Any CPU.ActiveCfg = Release|Any CPU
		{FF76A4F5-2FE8-44A1-B055-DFC3D957EE37}.Release|Any CPU.Build.0 = Release|Any CPU
		{4909AF7B-9B14-496E-957A-D48EAC973B01}.Debug|Any CPU.ActiveCfg = Debug|Any CPU
		{4909AF7B-9B14-496E-957A-D48EAC973B01}.Debug|Any CPU.Build.0 = Debug|Any CPU
		{4909AF7B-9B14-496E-957A-D48EAC973B01}.Release|Any CPU.ActiveCfg = Release|Any CPU
		{4909AF7B-9B14-496E-957A-D48EAC973B01}.Release|Any CPU.Build.0 = Release|Any CPU
	EndGlobalSection
	GlobalSection(SolutionProperties) = preSolution
		HideSolutionNode = FALSE
	EndGlobalSection
	GlobalSection(ExtensibilityGlobals) = postSolution
		SolutionGuid = {396FEBA4-E2E0-403B-B768-DA2B7C159FE3}
	EndGlobalSection
EndGlobal
